# This file is autogenerated, do not edit; changes may be undone by the next 'dep ensure'.


[[projects]]
  digest = "1:cee8e8ac80df6373e7daa11baf1f98c1b6f7242c49ccae7e1ec34a971dc408d9"
  name = "github.com/gorilla/websocket"
  packages = ["."]
  pruneopts = "UT"
  revision = "3ff3320c2a1756a3691521efc290b4701575147c"
  version = "v1.3.0"

[[projects]]
  digest = "1:ace662a36243b5cdc2f71e654175dc192f903fafbf3411a95bc910c1cad53ce7"
  name = "github.com/nlopes/slack"
  packages = ["."]
  pruneopts = "UT"
  revision = "0db1d5eae1116bf7c8ed96c6749acfbf4daaec3e"
  version = "v0.3.0"

[[projects]]
  digest = "1:40e195917a951a8bf867cd05de2a46aaf1806c50cf92eebf4c16f78cd196f747"
  name = "github.com/pkg/errors"
  packages = ["."]
  pruneopts = "UT"
  revision = "645ef00459ed84a119197bfb8d8205042c6df63d"
  version = "v0.8.0"

[[projects]]
  branch = "master"
  digest = "1:50700215f6cfa10c7b7b9e0887c65e2f1c94ac3bf49893da7b4990d810696f54"
  name = "github.com/travis-ci/vsphere-images"
  packages = ["."]
  pruneopts = "UT"
  revision = "055d5f95de4c7bf276c5f33262a87a62cc8dfa40"

[[projects]]
  branch = "master"
  digest = "1:779457fe75c23e34fd74324fc55f9be8f7978eaefdecf40772a297834486e503"
  name = "github.com/vmware/govmomi"
  packages = [
    ".",
    "find",
    "list",
    "nfc",
    "object",
    "property",
    "session",
    "task",
    "vim25",
    "vim25/debug",
    "vim25/methods",
    "vim25/mo",
    "vim25/progress",
    "vim25/soap",
    "vim25/types",
    "vim25/xml",
  ]
  pruneopts = "UT"
  revision = "badd514933ffc1d67c88e189fe16cb6d525be0d4"

[[projects]]
  branch = "master"
  digest = "1:76ee51c3f468493aff39dbacc401e8831fbb765104cbf613b89bef01cf4bad70"
  name = "golang.org/x/net"
  packages = ["context"]
  pruneopts = "UT"
  revision = "8a410e7b638dca158bf9e766925842f6651ff828"

[[projects]]
  branch = "master"
  digest = "1:e0140c0c868c6e0f01c0380865194592c011fe521d6e12d78bfd33e756fe018a"
  name = "golang.org/x/sync"
  packages = ["semaphore"]
  pruneopts = "UT"
  revision = "1d60e4601c6fd243af51cc01ddf169918a5407ca"

[solve-meta]
  analyzer-name = "dep"
  analyzer-version = 1
  input-imports = [
    "github.com/nlopes/slack",
    "github.com/travis-ci/vsphere-images",
    "github.com/vmware/govmomi/vim25/progress",
    "golang.org/x/sync/semaphore",
  ]
  solver-name = "gps-cdcl"
  solver-version = 1
