# This file is autogenerated, do not edit; changes may be undone by the next 'dep ensure'.


[[projects]]
  digest = "1:40e195917a951a8bf867cd05de2a46aaf1806c50cf92eebf4c16f78cd196f747"
  name = "github.com/pkg/errors"
  packages = ["."]
  pruneopts = "UT"
  revision = "645ef00459ed84a119197bfb8d8205042c6df63d"
  version = "v0.8.0"

[[projects]]
  branch = "master"
  digest = "1:ad65c21cad052ae0b994f7124129b26e8125d2a06c2316ee9e97cb23ba75f527"
  name = "github.com/sbstjn/allot"
  packages = ["."]
  pruneopts = "UT"
  revision = "1f2349af5ccd74c1a8d8fe4d1bf688645b628321"

[[projects]]
  branch = "master"
  digest = "1:10324863fe8db61f063627fdada2662d205c56a98b9f43fc25d42caa4d22ef10"
  name = "github.com/sbstjn/hanu"
  packages = ["."]
  pruneopts = "UT"
  revision = "755ac633fa6710a2043f167927ecd8899d53d205"

[[projects]]
  branch = "master"
  digest = "1:50700215f6cfa10c7b7b9e0887c65e2f1c94ac3bf49893da7b4990d810696f54"
  name = "github.com/travis-ci/vsphere-images"
  packages = ["."]
  pruneopts = "UT"
  revision = "055d5f95de4c7bf276c5f33262a87a62cc8dfa40"

[[projects]]
  branch = "master"
  digest = "1:779457fe75c23e34fd74324fc55f9be8f7978eaefdecf40772a297834486e503"
  name = "github.com/vmware/govmomi"
  packages = [
    ".",
    "find",
    "list",
    "nfc",
    "object",
    "property",
    "session",
    "task",
    "vim25",
    "vim25/debug",
    "vim25/methods",
    "vim25/mo",
    "vim25/progress",
    "vim25/soap",
    "vim25/types",
    "vim25/xml",
  ]
  pruneopts = "UT"
  revision = "badd514933ffc1d67c88e189fe16cb6d525be0d4"

[[projects]]
  branch = "master"
  digest = "1:7427036b6d926b3d1fa0773771820735b35554a98296f1074df440ee30a97296"
  name = "golang.org/x/net"
  packages = ["websocket"]
  pruneopts = "UT"
  revision = "aaf60122140d3fcf75376d319f0554393160eb50"

[solve-meta]
  analyzer-name = "dep"
  analyzer-version = 1
  input-imports = [
    "github.com/sbstjn/hanu",
    "github.com/travis-ci/vsphere-images",
    "github.com/vmware/govmomi/vim25/progress",
  ]
  solver-name = "gps-cdcl"
  solver-version = 1
